{
  "name": "jichu-miniprogram-02",
  "version": "1.0.0",
  "lockfileVersion": 3,
  "requires": true,
  "packages": {
    "": {
      "name": "jichu-miniprogram-02",
      "version": "1.0.0",
      "dependencies": {
        "@e965/xlsx": "0.20.3"
      }
    },
    "node_modules/@e965/xlsx": {
      "version": "0.20.3",
      "resolved": "https://registry.npmjs.org/@e965/xlsx/-/xlsx-0.20.3.tgz",
      "integrity": "sha512-703RN/3OdsRD5mtse2HBX7Um7xwaP9tlswEG6svOtjqokXoX7rJdQj7DyabD2I+xk22RgaIIU+R6BHgkpZGB/w==",
      "license": "Apache-2.0",
      "bin": {
        "xlsx": "bin/xlsx.njs"
      },
      "engines": {
        "node": ">=0.8"
      }
    }
  }
}
